
Microsoft Visual Studio Solution File, Format Version 12.00
# Visual Studio Version 17
VisualStudioVersion = 17.8.34511.84
MinimumVisualStudioVersion = 10.0.40219.1
Project("{FAE04EC0-301F-11D3-BF4B-00C04F79EFBC}") = "FinanceManagement.API", "FinanceManagement.API\FinanceManagement.API.csproj", "{12A3778A-84B0-4AFA-AE6F-CC91030F6CD6}"
EndProject
Project("{FAE04EC0-301F-11D3-BF4B-00C04F79EFBC}") = "FinanceManagement.DATA", "FinanceManagement.DATA\FinanceManagement.DATA.csproj", "{0A8A0376-E70D-4CBF-ADFF-62604BD5E054}"
EndProject
Project("{FAE04EC0-301F-11D3-BF4B-00C04F79EFBC}") = "FinanceManagement.CORE", "FinanceManagement.CORE\FinanceManagement.CORE.csproj", "{63586443-0E30-4FE8-B394-0465DACBD310}"
EndProject
Project("{FAE04EC0-301F-11D3-BF4B-00C04F79EFBC}") = "FinanceManagement.SERVICES", "FinanceManagement.SERVICES\FinanceManagement.SERVICES.csproj", "{3394B590-5A63-4474-B6DE-54A15708A390}"
EndProject
Global
	GlobalSection(SolutionConfigurationPlatforms) = preSolution
		Debug|Any CPU = Debug|Any CPU
		Release|Any CPU = Release|Any CPU
	EndGlobalSection
	GlobalSection(ProjectConfigurationPlatforms) = postSolution
		{12A3778A-84B0-4AFA-AE6F-CC91030F6CD6}.Debug|Any CPU.ActiveCfg = Debug|Any CPU
		{12A3778A-84B0-4AFA-AE6F-CC91030F6CD6}.Debug|Any CPU.Build.0 = Debug|Any CPU
		{12A3778A-84B0-4AFA-AE6F-CC91030F6CD6}.Release|Any CPU.ActiveCfg = Release|Any CPU
		{12A3778A-84B0-4AFA-AE6F-CC91030F6CD6}.Release|Any CPU.Build.0 = Release|Any CPU
		{0A8A0376-E70D-4CBF-ADFF-62604BD5E054}.Debug|Any CPU.ActiveCfg = Debug|Any CPU
		{0A8A0376-E70D-4CBF-ADFF-62604BD5E054}.Debug|Any CPU.Build.0 = Debug|Any CPU
		{0A8A0376-E70D-4CBF-ADFF-62604BD5E054}.Release|Any CPU.ActiveCfg = Release|Any CPU
		{0A8A0376-E70D-4CBF-ADFF-62604BD5E054}.Release|Any CPU.Build.0 = Release|Any CPU
		{63586443-0E30-4FE8-B394-0465DACBD310}.Debug|Any CPU.ActiveCfg = Debug|Any CPU
		{63586443-0E30-4FE8-B394-0465DACBD310}.Debug|Any CPU.Build.0 = Debug|Any CPU
		{63586443-0E30-4FE8-B394-0465DACBD310}.Release|Any CPU.ActiveCfg = Release|Any CPU
		{63586443-0E30-4FE8-B394-0465DACBD310}.Release|Any CPU.Build.0 = Release|Any CPU
		{3394B590-5A63-4474-B6DE-54A15708A390}.Debug|Any CPU.ActiveCfg = Debug|Any CPU
		{3394B590-5A63-4474-B6DE-54A15708A390}.Debug|Any CPU.Build.0 = Debug|Any CPU
		{3394B590-5A63-4474-B6DE-54A15708A390}.Release|Any CPU.ActiveCfg = Release|Any CPU
		{3394B590-5A63-4474-B6DE-54A15708A390}.Release|Any CPU.Build.0 = Release|Any CPU
	EndGlobalSection
	GlobalSection(SolutionProperties) = preSolution
		HideSolutionNode = FALSE
	EndGlobalSection
	GlobalSection(ExtensibilityGlobals) = postSolution
		SolutionGuid = {DDF3FB8A-FD24-489D-B054-4DBDFD4DCF91}
	EndGlobalSection
EndGlobal
